
Microsoft Visual Studio Solution File, Format Version 12.00
# Visual Studio Version 17
VisualStudioVersion = 17.6.33829.357
MinimumVisualStudioVersion = 10.0.40219.1
Project("{8BC9CEB8-8B4A-11D0-8D11-00A0C91BC942}") = "EjerciciosPOO", "EjerciciosPOO.vcxproj", "{E038312F-73B1-42DB-B50A-CAA52B5F70D0}"
EndProject
Global
	GlobalSection(SolutionConfigurationPlatforms) = preSolution
		Debug|x64 = Debug|x64
		Debug|x86 = Debug|x86
		Release|x64 = Release|x64
		Release|x86 = Release|x86
	EndGlobalSection
	GlobalSection(ProjectConfigurationPlatforms) = postSolution
		{E038312F-73B1-42DB-B50A-CAA52B5F70D0}.Debug|x64.ActiveCfg = Debug|x64
		{E038312F-73B1-42DB-B50A-CAA52B5F70D0}.Debug|x64.Build.0 = Debug|x64
		{E038312F-73B1-42DB-B50A-CAA52B5F70D0}.Debug|x86.ActiveCfg = Debug|Win32
		{E038312F-73B1-42DB-B50A-CAA52B5F70D0}.Debug|x86.Build.0 = Debug|Win32
		{E038312F-73B1-42DB-B50A-CAA52B5F70D0}.Release|x64.ActiveCfg = Release|x64
		{E038312F-73B1-42DB-B50A-CAA52B5F70D0}.Release|x64.Build.0 = Release|x64
		{E038312F-73B1-42DB-B50A-CAA52B5F70D0}.Release|x86.ActiveCfg = Release|Win32
		{E038312F-73B1-42DB-B50A-CAA52B5F70D0}.Release|x86.Build.0 = Release|Win32
	EndGlobalSection
	GlobalSection(SolutionProperties) = preSolution
		HideSolutionNode = FALSE
	EndGlobalSection
	GlobalSection(ExtensibilityGlobals) = postSolution
		SolutionGuid = {EDFA8159-1ACA-4491-840B-6E98243595CB}
	EndGlobalSection
EndGlobal
